
Microsoft Visual Studio Solution File, Format Version 9.00
# Visual Studio 2005
Project("{8BC9CEB8-8B4A-11D0-8D11-00A0C91BC942}") = "tri", "tri.vcproj", "{FA5CAE07-95D8-4BF6-9E76-87DDFD3DD8D8}"
EndProject
Project("{8BC9CEB8-8B4A-11D0-8D11-00A0C91BC942}") = "cbc", "..\cbc\cbc.vcproj", "{B76D9D3D-9197-4B6C-B2F6-FD8CFEF433BC}"
EndProject
Project("{8BC9CEB8-8B4A-11D0-8D11-00A0C91BC942}") = "dx", "..\dx\dx.vcproj", "{A89A49D1-9334-4CA1-8BB1-C26A10B15BCB}"
EndProject
Project("{8BC9CEB8-8B4A-11D0-8D11-00A0C91BC942}") = "ext", "..\ext\ext.vcproj", "{3B9240D6-9797-4951-92CC-0B7619B9A33B}"
EndProject
Project("{8BC9CEB8-8B4A-11D0-8D11-00A0C91BC942}") = "ext3", "..\ext3\ext3.vcproj", "{06BF2A66-5765-44E8-A45D-36E8DAC917CF}"
EndProject
Global
	GlobalSection(SolutionConfigurationPlatforms) = preSolution
		Debug|Win32 = Debug|Win32
		Release|Win32 = Release|Win32
	EndGlobalSection
	GlobalSection(ProjectConfigurationPlatforms) = postSolution
		{FA5CAE07-95D8-4BF6-9E76-87DDFD3DD8D8}.Debug|Win32.ActiveCfg = Debug|Win32
		{FA5CAE07-95D8-4BF6-9E76-87DDFD3DD8D8}.Debug|Win32.Build.0 = Debug|Win32
		{FA5CAE07-95D8-4BF6-9E76-87DDFD3DD8D8}.Release|Win32.ActiveCfg = Release|Win32
		{FA5CAE07-95D8-4BF6-9E76-87DDFD3DD8D8}.Release|Win32.Build.0 = Release|Win32
		{B76D9D3D-9197-4B6C-B2F6-FD8CFEF433BC}.Debug|Win32.ActiveCfg = Debug|Win32
		{B76D9D3D-9197-4B6C-B2F6-FD8CFEF433BC}.Debug|Win32.Build.0 = Debug|Win32
		{B76D9D3D-9197-4B6C-B2F6-FD8CFEF433BC}.Release|Win32.ActiveCfg = Release|Win32
		{B76D9D3D-9197-4B6C-B2F6-FD8CFEF433BC}.Release|Win32.Build.0 = Release|Win32
		{A89A49D1-9334-4CA1-8BB1-C26A10B15BCB}.Debug|Win32.ActiveCfg = Debug|Win32
		{A89A49D1-9334-4CA1-8BB1-C26A10B15BCB}.Debug|Win32.Build.0 = Debug|Win32
		{A89A49D1-9334-4CA1-8BB1-C26A10B15BCB}.Release|Win32.ActiveCfg = Release|Win32
		{A89A49D1-9334-4CA1-8BB1-C26A10B15BCB}.Release|Win32.Build.0 = Release|Win32
		{3B9240D6-9797-4951-92CC-0B7619B9A33B}.Debug|Win32.ActiveCfg = Debug|Win32
		{3B9240D6-9797-4951-92CC-0B7619B9A33B}.Debug|Win32.Build.0 = Debug|Win32
		{3B9240D6-9797-4951-92CC-0B7619B9A33B}.Release|Win32.ActiveCfg = Release|Win32
		{3B9240D6-9797-4951-92CC-0B7619B9A33B}.Release|Win32.Build.0 = Release|Win32
		{06BF2A66-5765-44E8-A45D-36E8DAC917CF}.Debug|Win32.ActiveCfg = Debug|Win32
		{06BF2A66-5765-44E8-A45D-36E8DAC917CF}.Debug|Win32.Build.0 = Debug|Win32
		{06BF2A66-5765-44E8-A45D-36E8DAC917CF}.Release|Win32.ActiveCfg = Release|Win32
		{06BF2A66-5765-44E8-A45D-36E8DAC917CF}.Release|Win32.Build.0 = Release|Win32
	EndGlobalSection
	GlobalSection(SolutionProperties) = preSolution
		HideSolutionNode = FALSE
	EndGlobalSection
	GlobalSection(ExtensibilityGlobals) = postSolution
		VisualSVNWorkingCopyRoot = .
	EndGlobalSection
EndGlobal
